
Microsoft Visual Studio Solution File, Format Version 12.00
# Visual Studio 15
VisualStudioVersion = 15.0.26124.0
MinimumVisualStudioVersion = 15.0.26124.0
Project("{2150E333-8FDC-42A3-9474-1A3956D46DE8}") = "src", "src", "{0ADB5200-96BF-402E-BE58-A60DD277DC40}"
EndProject
Project("{2150E333-8FDC-42A3-9474-1A3956D46DE8}") = "server", "server", "{250C02EF-64DE-4ED1-9F45-B921981ABF28}"
EndProject
Project("{FAE04EC0-301F-11D3-BF4B-00C04F79EFBC}") = "Models", "src\server\Models\Models.csproj", "{CCD5BE38-EEF4-4B02-B52B-44F665272EE5}"
EndProject
Project("{FAE04EC0-301F-11D3-BF4B-00C04F79EFBC}") = "Data", "src\server\Data\Data.csproj", "{3085B5F0-F8F3-49EB-AD39-B87DE3668D84}"
EndProject
Project("{FAE04EC0-301F-11D3-BF4B-00C04F79EFBC}") = "Core", "src\server\Core\Core.csproj", "{29365A38-1CF0-4FA3-9BCE-E9A8DB9C0648}"
EndProject
Project("{FAE04EC0-301F-11D3-BF4B-00C04F79EFBC}") = "GraphQL", "src\server\GraphQL\GraphQL.csproj", "{A65A6461-DAF3-4C49-9CF7-7E2215FF988D}"
EndProject
Global
	GlobalSection(SolutionConfigurationPlatforms) = preSolution
		Debug|Any CPU = Debug|Any CPU
		Debug|x64 = Debug|x64
		Debug|x86 = Debug|x86
		Release|Any CPU = Release|Any CPU
		Release|x64 = Release|x64
		Release|x86 = Release|x86
	EndGlobalSection
	GlobalSection(SolutionProperties) = preSolution
		HideSolutionNode = FALSE
	EndGlobalSection
	GlobalSection(ProjectConfigurationPlatforms) = postSolution
		{CCD5BE38-EEF4-4B02-B52B-44F665272EE5}.Debug|Any CPU.ActiveCfg = Debug|Any CPU
		{CCD5BE38-EEF4-4B02-B52B-44F665272EE5}.Debug|Any CPU.Build.0 = Debug|Any CPU
		{CCD5BE38-EEF4-4B02-B52B-44F665272EE5}.Debug|x64.ActiveCfg = Debug|Any CPU
		{CCD5BE38-EEF4-4B02-B52B-44F665272EE5}.Debug|x64.Build.0 = Debug|Any CPU
		{CCD5BE38-EEF4-4B02-B52B-44F665272EE5}.Debug|x86.ActiveCfg = Debug|Any CPU
		{CCD5BE38-EEF4-4B02-B52B-44F665272EE5}.Debug|x86.Build.0 = Debug|Any CPU
		{CCD5BE38-EEF4-4B02-B52B-44F665272EE5}.Release|Any CPU.ActiveCfg = Release|Any CPU
		{CCD5BE38-EEF4-4B02-B52B-44F665272EE5}.Release|Any CPU.Build.0 = Release|Any CPU
		{CCD5BE38-EEF4-4B02-B52B-44F665272EE5}.Release|x64.ActiveCfg = Release|Any CPU
		{CCD5BE38-EEF4-4B02-B52B-44F665272EE5}.Release|x64.Build.0 = Release|Any CPU
		{CCD5BE38-EEF4-4B02-B52B-44F665272EE5}.Release|x86.ActiveCfg = Release|Any CPU
		{CCD5BE38-EEF4-4B02-B52B-44F665272EE5}.Release|x86.Build.0 = Release|Any CPU
		{3085B5F0-F8F3-49EB-AD39-B87DE3668D84}.Debug|Any CPU.ActiveCfg = Debug|Any CPU
		{3085B5F0-F8F3-49EB-AD39-B87DE3668D84}.Debug|Any CPU.Build.0 = Debug|Any CPU
		{3085B5F0-F8F3-49EB-AD39-B87DE3668D84}.Debug|x64.ActiveCfg = Debug|Any CPU
		{3085B5F0-F8F3-49EB-AD39-B87DE3668D84}.Debug|x64.Build.0 = Debug|Any CPU
		{3085B5F0-F8F3-49EB-AD39-B87DE3668D84}.Debug|x86.ActiveCfg = Debug|Any CPU
		{3085B5F0-F8F3-49EB-AD39-B87DE3668D84}.Debug|x86.Build.0 = Debug|Any CPU
		{3085B5F0-F8F3-49EB-AD39-B87DE3668D84}.Release|Any CPU.ActiveCfg = Release|Any CPU
		{3085B5F0-F8F3-49EB-AD39-B87DE3668D84}.Release|Any CPU.Build.0 = Release|Any CPU
		{3085B5F0-F8F3-49EB-AD39-B87DE3668D84}.Release|x64.ActiveCfg = Release|Any CPU
		{3085B5F0-F8F3-49EB-AD39-B87DE3668D84}.Release|x64.Build.0 = Release|Any CPU
		{3085B5F0-F8F3-49EB-AD39-B87DE3668D84}.Release|x86.ActiveCfg = Release|Any CPU
		{3085B5F0-F8F3-49EB-AD39-B87DE3668D84}.Release|x86.Build.0 = Release|Any CPU
		{29365A38-1CF0-4FA3-9BCE-E9A8DB9C0648}.Debug|Any CPU.ActiveCfg = Debug|Any CPU
		{29365A38-1CF0-4FA3-9BCE-E9A8DB9C0648}.Debug|Any CPU.Build.0 = Debug|Any CPU
		{29365A38-1CF0-4FA3-9BCE-E9A8DB9C0648}.Debug|x64.ActiveCfg = Debug|Any CPU
		{29365A38-1CF0-4FA3-9BCE-E9A8DB9C0648}.Debug|x64.Build.0 = Debug|Any CPU
		{29365A38-1CF0-4FA3-9BCE-E9A8DB9C0648}.Debug|x86.ActiveCfg = Debug|Any CPU
		{29365A38-1CF0-4FA3-9BCE-E9A8DB9C0648}.Debug|x86.Build.0 = Debug|Any CPU
		{29365A38-1CF0-4FA3-9BCE-E9A8DB9C0648}.Release|Any CPU.ActiveCfg = Release|Any CPU
		{29365A38-1CF0-4FA3-9BCE-E9A8DB9C0648}.Release|Any CPU.Build.0 = Release|Any CPU
		{29365A38-1CF0-4FA3-9BCE-E9A8DB9C0648}.Release|x64.ActiveCfg = Release|Any CPU
		{29365A38-1CF0-4FA3-9BCE-E9A8DB9C0648}.Release|x64.Build.0 = Release|Any CPU
		{29365A38-1CF0-4FA3-9BCE-E9A8DB9C0648}.Release|x86.ActiveCfg = Release|Any CPU
		{29365A38-1CF0-4FA3-9BCE-E9A8DB9C0648}.Release|x86.Build.0 = Release|Any CPU
		{A65A6461-DAF3-4C49-9CF7-7E2215FF988D}.Debug|Any CPU.ActiveCfg = Debug|Any CPU
		{A65A6461-DAF3-4C49-9CF7-7E2215FF988D}.Debug|Any CPU.Build.0 = Debug|Any CPU
		{A65A6461-DAF3-4C49-9CF7-7E2215FF988D}.Debug|x64.ActiveCfg = Debug|Any CPU
		{A65A6461-DAF3-4C49-9CF7-7E2215FF988D}.Debug|x64.Build.0 = Debug|Any CPU
		{A65A6461-DAF3-4C49-9CF7-7E2215FF988D}.Debug|x86.ActiveCfg = Debug|Any CPU
		{A65A6461-DAF3-4C49-9CF7-7E2215FF988D}.Debug|x86.Build.0 = Debug|Any CPU
		{A65A6461-DAF3-4C49-9CF7-7E2215FF988D}.Release|Any CPU.ActiveCfg = Release|Any CPU
		{A65A6461-DAF3-4C49-9CF7-7E2215FF988D}.Release|Any CPU.Build.0 = Release|Any CPU
		{A65A6461-DAF3-4C49-9CF7-7E2215FF988D}.Release|x64.ActiveCfg = Release|Any CPU
		{A65A6461-DAF3-4C49-9CF7-7E2215FF988D}.Release|x64.Build.0 = Release|Any CPU
		{A65A6461-DAF3-4C49-9CF7-7E2215FF988D}.Release|x86.ActiveCfg = Release|Any CPU
		{A65A6461-DAF3-4C49-9CF7-7E2215FF988D}.Release|x86.Build.0 = Release|Any CPU
	EndGlobalSection
	GlobalSection(NestedProjects) = preSolution
		{250C02EF-64DE-4ED1-9F45-B921981ABF28} = {0ADB5200-96BF-402E-BE58-A60DD277DC40}
		{CCD5BE38-EEF4-4B02-B52B-44F665272EE5} = {250C02EF-64DE-4ED1-9F45-B921981ABF28}
		{3085B5F0-F8F3-49EB-AD39-B87DE3668D84} = {250C02EF-64DE-4ED1-9F45-B921981ABF28}
		{29365A38-1CF0-4FA3-9BCE-E9A8DB9C0648} = {250C02EF-64DE-4ED1-9F45-B921981ABF28}
		{A65A6461-DAF3-4C49-9CF7-7E2215FF988D} = {250C02EF-64DE-4ED1-9F45-B921981ABF28}
	EndGlobalSection
EndGlobal
